
Microsoft Visual Studio Solution File, Format Version 12.00
# Visual Studio Version 17
VisualStudioVersion = 17.10.34928.147
MinimumVisualStudioVersion = 10.0.40219.1
Project("{FAE04EC0-301F-11D3-BF4B-00C04F79EFBC}") = "PetKing", "PetKing\PetKing.csproj", "{2341344C-3B6A-4ADD-9560-EDE63D23734F}"
EndProject
Global
	GlobalSection(SolutionConfigurationPlatforms) = preSolution
		Debug|Any CPU = Debug|Any CPU
		Release|Any CPU = Release|Any CPU
	EndGlobalSection
	GlobalSection(ProjectConfigurationPlatforms) = postSolution
		{2341344C-3B6A-4ADD-9560-EDE63D23734F}.Debug|Any CPU.ActiveCfg = Debug|Any CPU
		{2341344C-3B6A-4ADD-9560-EDE63D23734F}.Debug|Any CPU.Build.0 = Debug|Any CPU
		{2341344C-3B6A-4ADD-9560-EDE63D23734F}.Release|Any CPU.ActiveCfg = Release|Any CPU
		{2341344C-3B6A-4ADD-9560-EDE63D23734F}.Release|Any CPU.Build.0 = Release|Any CPU
	EndGlobalSection
	GlobalSection(SolutionProperties) = preSolution
		HideSolutionNode = FALSE
	EndGlobalSection
	GlobalSection(ExtensibilityGlobals) = postSolution
		SolutionGuid = {A913D73F-AB79-450F-B52A-AC8362CF8E2E}
	EndGlobalSection
EndGlobal
